{
  "requires": true,
  "lockfileVersion": 1,
  "dependencies": {
    "grunt-banana-checker": {
      "version": "0.9.0",
      "resolved": "https://registry.npmjs.org/grunt-banana-checker/-/grunt-banana-checker-0.9.0.tgz",
      "integrity": "sha512-SqPiB6OazWqR8USL0NymtuT5Br3mD9WBBsM1rHC/3wIi2SrZNM6/+j9CIeuEM5oCn+AtO2Y0+rzzFyOdC9afAg==",
      "dev": true
    },
    "grunt-git-authors": {
      "version": "3.2.0",
      "resolved": "https://registry.npmjs.org/grunt-git-authors/-/grunt-git-authors-3.2.0.tgz",
      "integrity": "sha1-D/WrbTxu/+CrIV1jNDRcD2v+FnI=",
      "dev": true,
      "requires": {
        "spawnback": "~1.0.0"
      }
    },
    "spawnback": {
      "version": "1.0.0",
      "resolved": "https://registry.npmjs.org/spawnback/-/spawnback-1.0.0.tgz",
      "integrity": "sha1-9zZi9+VNlTZ+ynTWQmxnfdfqaG8=",
      "dev": true
    }
  }
}
